// !$*UTF8*$!
{
	archiveVersion = 1;
	classes = {
	};
	objectVersion = 48;
	objects = {

/* Begin PBXBuildFile section */
		3F7B40411F88485E003FF9C5 /* DescriptionGenerator.swift in Sources */ = {isa = PBXBuildFile; fileRef = 3F7B40401F88485E003FF9C5 /* DescriptionGenerator.swift */; };
		3F95823C1F85BA5A00F800C3 /* AppDelegate.swift in Sources */ = {isa = PBXBuildFile; fileRef = 3F95823B1F85BA5A00F800C3 /* AppDelegate.swift */; };
		3F95823E1F85BA5A00F800C3 /* ViewController.swift in Sources */ = {isa = PBXBuildFile; fileRef = 3F95823D1F85BA5A00F800C3 /* ViewController.swift */; };
		3F9582411F85BA5A00F800C3 /* Main.storyboard in Resources */ = {isa = PBXBuildFile; fileRef = 3F95823F1F85BA5A00F800C3 /* Main.storyboard */; };
		3F9582431F85BA5A00F800C3 /* Assets.xcassets in Resources */ = {isa = PBXBuildFile; fileRef = 3F9582421F85BA5A00F800C3 /* Assets.xcassets */; };
		3F9582461F85BA5A00F800C3 /* LaunchScreen.storyboard in Resources */ = {isa = PBXBuildFile; fileRef = 3F9582441F85BA5A00F800C3 /* LaunchScreen.storyboard */; };
		3F9582521F85C11000F800C3 /* CalculatorBrain.swift in Sources */ = {isa = PBXBuildFile; fileRef = 3F9582511F85C11000F800C3 /* CalculatorBrain.swift */; };
/* End PBXBuildFile section */

/* Begin PBXFileReference section */
		3F7B40401F88485E003FF9C5 /* DescriptionGenerator.swift */ = {isa = PBXFileReference; lastKnownFileType = sourcecode.swift; path = DescriptionGenerator.swift; sourceTree = "<group>"; };
		3F9582381F85BA5900F800C3 /* Clacuator.app */ = {isa = PBXFileReference; explicitFileType = wrapper.application; includeInIndex = 0; path = Clacuator.app; sourceTree = BUILT_PRODUCTS_DIR; };
		3F95823B1F85BA5A00F800C3 /* AppDelegate.swift */ = {isa = PBXFileReference; lastKnownFileType = sourcecode.swift; path = AppDelegate.swift; sourceTree = "<group>"; };
		3F95823D1F85BA5A00F800C3 /* ViewController.swift */ = {isa = PBXFileReference; lastKnownFileType = sourcecode.swift; path = ViewController.swift; sourceTree = "<group>"; };
		3F9582401F85BA5A00F800C3 /* Base */ = {isa = PBXFileReference; lastKnownFileType = file.storyboard; name = Base; path = Base.lproj/Main.storyboard; sourceTree = "<group>"; };
		3F9582421F85BA5A00F800C3 /* Assets.xcassets */ = {isa = PBXFileReference; lastKnownFileType = folder.assetcatalog; path = Assets.xcassets; sourceTree = "<group>"; };
		3F9582451F85BA5A00F800C3 /* Base */ = {isa = PBXFileReference; lastKnownFileType = file.storyboard; name = Base; path = Base.lproj/LaunchScreen.storyboard; sourceTree = "<group>"; };
		3F9582471F85BA5A00F800C3 /* Info.plist */ = {isa = PBXFileReference; lastKnownFileType = text.plist.xml; path = Info.plist; sourceTree = "<group>"; };
		3F9582511F85C11000F800C3 /* CalculatorBrain.swift */ = {isa = PBXFileReference; lastKnownFileType = sourcecode.swift; path = CalculatorBrain.swift; sourceTree = "<group>"; };
/* End PBXFileReference section */

/* Begin PBXFrameworksBuildPhase section */
		3F9582351F85BA5900F800C3 /* Frameworks */ = {
			isa = PBXFrameworksBuildPhase;
			buildActionMask = 2147483647;
			files = (
			);
			runOnlyForDeploymentPostprocessing = 0;
		};
/* End PBXFrameworksBuildPhase section */

/* Begin PBXGroup section */
		3F95822F1F85BA5900F800C3 = {
			isa = PBXGroup;
			children = (
				3F95823A1F85BA5900F800C3 /* Clacuator */,
				3F9582391F85BA5900F800C3 /* Products */,
			);
			sourceTree = "<group>";
		};
		3F9582391F85BA5900F800C3 /* Products */ = {
			isa = PBXGroup;
			children = (
				3F9582381F85BA5900F800C3 /* Clacuator.app */,
			);
			name = Products;
			sourceTree = "<group>";
		};
		3F95823A1F85BA5900F800C3 /* Clacuator */ = {
			isa = PBXGroup;
			children = (
				3F9582501F85BEDF00F800C3 /* HelpFiles */,
				3F9582471F85BA5A00F800C3 /* Info.plist */,
				3F95823D1F85BA5A00F800C3 /* ViewController.swift */,
				3F9582511F85C11000F800C3 /* CalculatorBrain.swift */,
				3F7B40401F88485E003FF9C5 /* DescriptionGenerator.swift */,
				3F95823F1F85BA5A00F800C3 /* Main.storyboard */,
			);
			path = Clacuator;
			sourceTree = "<group>";
		};
		3F9582501F85BEDF00F800C3 /* HelpFiles */ = {
			isa = PBXGroup;
			children = (
				3F95823B1F85BA5A00F800C3 /* AppDelegate.swift */,
				3F9582421F85BA5A00F800C3 /* Assets.xcassets */,
				3F9582441F85BA5A00F800C3 /* LaunchScreen.storyboard */,
			);
			path = HelpFiles;
			sourceTree = "<group>";
		};
/* End PBXGroup section */

/* Begin PBXNativeTarget section */
		3F9582371F85BA5900F800C3 /* Clacuator */ = {
			isa = PBXNativeTarget;
			buildConfigurationList = 3F95824A1F85BA5A00F800C3 /* Build configuration list for PBXNativeTarget "Clacuator" */;
			buildPhases = (
				3F9582341F85BA5900F800C3 /* Sources */,
				3F9582351F85BA5900F800C3 /* Frameworks */,
				3F9582361F85BA5900F800C3 /* Resources */,
			);
			buildRules = (
			);
			dependencies = (
			);
			name = Clacuator;
			productName = Clacuator;
			productReference = 3F9582381F85BA5900F800C3 /* Clacuator.app */;
			productType = "com.apple.product-type.application";
		};
/* End PBXNativeTarget section */

/* Begin PBXProject section */
		3F9582301F85BA5900F800C3 /* Project object */ = {
			isa = PBXProject;
			attributes = {
				LastSwiftUpdateCheck = 0900;
				LastUpgradeCheck = 0900;
				ORGANIZATIONNAME = "zeyong shan";
				TargetAttributes = {
					3F9582371F85BA5900F800C3 = {
						CreatedOnToolsVersion = 9.0;
						ProvisioningStyle = Automatic;
					};
				};
			};
			buildConfigurationList = 3F9582331F85BA5900F800C3 /* Build configuration list for PBXProject "Clacuator" */;
			compatibilityVersion = "Xcode 8.0";
			developmentRegion = en;
			hasScannedForEncodings = 0;
			knownRegions = (
				en,
				Base,
			);
			mainGroup = 3F95822F1F85BA5900F800C3;
			productRefGroup = 3F9582391F85BA5900F800C3 /* Products */;
			projectDirPath = "";
			projectRoot = "";
			targets = (
				3F9582371F85BA5900F800C3 /* Clacuator */,
			);
		};
/* End PBXProject section */

/* Begin PBXResourcesBuildPhase section */
		3F9582361F85BA5900F800C3 /* Resources */ = {
			isa = PBXResourcesBuildPhase;
			buildActionMask = 2147483647;
			files = (
				3F9582461F85BA5A00F800C3 /* LaunchScreen.storyboard in Resources */,
				3F9582431F85BA5A00F800C3 /* Assets.xcassets in Resources */,
				3F9582411F85BA5A00F800C3 /* Main.storyboard in Resources */,
			);
			runOnlyForDeploymentPostprocessing = 0;
		};
/* End PBXResourcesBuildPhase section */

/* Begin PBXSourcesBuildPhase section */
		3F9582341F85BA5900F800C3 /* Sources */ = {
			isa = PBXSourcesBuildPhase;
			buildActionMask = 2147483647;
			files = (
				3F7B40411F88485E003FF9C5 /* DescriptionGenerator.swift in Sources */,
				3F9582521F85C11000F800C3 /* CalculatorBrain.swift in Sources */,
				3F95823E1F85BA5A00F800C3 /* ViewController.swift in Sources */,
				3F95823C1F85BA5A00F800C3 /* AppDelegate.swift in Sources */,
			);
			runOnlyForDeploymentPostprocessing = 0;
		};
/* End PBXSourcesBuildPhase section */

/* Begin PBXVariantGroup section */
		3F95823F1F85BA5A00F800C3 /* Main.storyboard */ = {
			isa = PBXVariantGroup;
			children = (
				3F9582401F85BA5A00F800C3 /* Base */,
			);
			name = Main.storyboard;
			sourceTree = "<group>";
		};
		3F9582441F85BA5A00F800C3 /* LaunchScreen.storyboard */ = {
			isa = PBXVariantGroup;
			children = (
				3F9582451F85BA5A00F800C3 /* Base */,
			);
			name = LaunchScreen.storyboard;
			sourceTree = "<group>";
		};
/* End PBXVariantGroup section */

/* Begin XCBuildConfiguration section */
		3F9582481F85BA5A00F800C3 /* Debug */ = {
			isa = XCBuildConfiguration;
			buildSettings = {
				ALWAYS_SEARCH_USER_PATHS = NO;
				CLANG_ANALYZER_NONNULL = YES;
				CLANG_ANALYZER_NUMBER_OBJECT_CONVERSION = YES_AGGRESSIVE;
				CLANG_CXX_LANGUAGE_STANDARD = "gnu++14";
				CLANG_CXX_LIBRARY = "libc++";
				CLANG_ENABLE_MODULES = YES;
				CLANG_ENABLE_OBJC_ARC = YES;
				CLANG_WARN_BLOCK_CAPTURE_AUTORELEASING = YES;
				CLANG_WARN_BOOL_CONVERSION = YES;
				CLANG_WARN_COMMA = YES;
				CLANG_WARN_CONSTANT_CONVERSION = YES;
				CLANG_WARN_DIRECT_OBJC_ISA_USAGE = YES_ERROR;
				CLANG_WARN_DOCUMENTATION_COMMENTS = YES;
				CLANG_WARN_EMPTY_BODY = YES;
				CLANG_WARN_ENUM_CONVERSION = YES;
				CLANG_WARN_INFINITE_RECURSION = YES;
				CLANG_WARN_INT_CONVERSION = YES;
				CLANG_WARN_NON_LITERAL_NULL_CONVERSION = YES;
				CLANG_WARN_OBJC_LITERAL_CONVERSION = YES;
				CLANG_WARN_OBJC_ROOT_CLASS = YES_ERROR;
				CLANG_WARN_RANGE_LOOP_ANALYSIS = YES;
				CLANG_WARN_STRICT_PROTOTYPES = YES;
				CLANG_WARN_SUSPICIOUS_MOVE = YES;
				CLANG_WARN_UNGUARDED_AVAILABILITY = YES_AGGRESSIVE;
				CLANG_WARN_UNREACHABLE_CODE = YES;
				CLANG_WARN__DUPLICATE_METHOD_MATCH = YES;
				CODE_SIGN_IDENTITY = "iPhone Developer";
				COPY_PHASE_STRIP = NO;
				DEBUG_INFORMATION_FORMAT = dwarf;
				ENABLE_STRICT_OBJC_MSGSEND = YES;
				ENABLE_TESTABILITY = YES;
				GCC_C_LANGUAGE_STANDARD = gnu11;
				GCC_DYNAMIC_NO_PIC = NO;
				GCC_NO_COMMON_BLOCKS = YES;
				GCC_OPTIMIZATION_LEVEL = 0;
				GCC_PREPROCESSOR_DEFINITIONS = (
					"DEBUG=1",
					"$(inherited)",
				);
				GCC_WARN_64_TO_32_BIT_CONVERSION = YES;
				GCC_WARN_ABOUT_RETURN_TYPE = YES_ERROR;
				GCC_WARN_UNDECLARED_SELECTOR = YES;
				GCC_WARN_UNINITIALIZED_AUTOS = YES_AGGRESSIVE;
				GCC_WARN_UNUSED_FUNCTION = YES;
				GCC_WARN_UNUSED_VARIABLE = YES;
				IPHONEOS_DEPLOYMENT_TARGET = 11.0;
				MTL_ENABLE_DEBUG_INFO = YES;
				ONLY_ACTIVE_ARCH = YES;
				SDKROOT = iphoneos;
				SWIFT_ACTIVE_COMPILATION_CONDITIONS = DEBUG;
				SWIFT_OPTIMIZATION_LEVEL = "-Onone";
			};
			name = Debug;
		};
		3F9582491F85BA5A00F800C3 /* Release */ = {
			isa = XCBuildConfiguration;
			buildSettings = {
				ALWAYS_SEARCH_USER_PATHS = NO;
				CLANG_ANALYZER_NONNULL = YES;
				CLANG_ANALYZER_NUMBER_OBJECT_CONVERSION = YES_AGGRESSIVE;
				CLANG_CXX_LANGUAGE_STANDARD = "gnu++14";
				CLANG_CXX_LIBRARY = "libc++";
				CLANG_ENABLE_MODULES = YES;
				CLANG_ENABLE_OBJC_ARC = YES;
				CLANG_WARN_BLOCK_CAPTURE_AUTORELEASING = YES;
				CLANG_WARN_BOOL_CONVERSION = YES;
				CLANG_WARN_COMMA = YES;
				CLANG_WARN_CONSTANT_CONVERSION = YES;
				CLANG_WARN_DIRECT_OBJC_ISA_USAGE = YES_ERROR;
				CLANG_WARN_DOCUMENTATION_COMMENTS = YES;
				CLANG_WARN_EMPTY_BODY = YES;
				CLANG_WARN_ENUM_CONVERSION = YES;
				CLANG_WARN_INFINITE_RECURSION = YES;
				CLANG_WARN_INT_CONVERSION = YES;
				CLANG_WARN_NON_LITERAL_NULL_CONVERSION = YES;
				CLANG_WARN_OBJC_LITERAL_CONVERSION = YES;
				CLANG_WARN_OBJC_ROOT_CLASS = YES_ERROR;
				CLANG_WARN_RANGE_LOOP_ANALYSIS = YES;
				CLANG_WARN_STRICT_PROTOTYPES = YES;
				CLANG_WARN_SUSPICIOUS_MOVE = YES;
				CLANG_WARN_UNGUARDED_AVAILABILITY = YES_AGGRESSIVE;
				CLANG_WARN_UNREACHABLE_CODE = YES;
				CLANG_WARN__DUPLICATE_METHOD_MATCH = YES;
				CODE_SIGN_IDENTITY = "iPhone Developer";
				COPY_PHASE_STRIP = NO;
				DEBUG_INFORMATION_FORMAT = "dwarf-with-dsym";
				ENABLE_NS_ASSERTIONS = NO;
				ENABLE_STRICT_OBJC_MSGSEND = YES;
				GCC_C_LANGUAGE_STANDARD = gnu11;
				GCC_NO_COMMON_BLOCKS = YES;
				GCC_WARN_64_TO_32_BIT_CONVERSION = YES;
				GCC_WARN_ABOUT_RETURN_TYPE = YES_ERROR;
				GCC_WARN_UNDECLARED_SELECTOR = YES;
				GCC_WARN_UNINITIALIZED_AUTOS = YES_AGGRESSIVE;
				GCC_WARN_UNUSED_FUNCTION = YES;
				GCC_WARN_UNUSED_VARIABLE = YES;
				IPHONEOS_DEPLOYMENT_TARGET = 11.0;
				MTL_ENABLE_DEBUG_INFO = NO;
				SDKROOT = iphoneos;
				SWIFT_OPTIMIZATION_LEVEL = "-Owholemodule";
				VALIDATE_PRODUCT = YES;
			};
			name = Release;
		};
		3F95824B1F85BA5A00F800C3 /* Debug */ = {
			isa = XCBuildConfiguration;
			buildSettings = {
				ASSETCATALOG_COMPILER_APPICON_NAME = AppIcon;
				"CODE_SIGN_IDENTITY[sdk=iphoneos*]" = "iPhone Developer";
				CODE_SIGN_STYLE = Automatic;
				DEVELOPMENT_TEAM = 9VY4KTQAD7;
				INFOPLIST_FILE = Clacuator/Info.plist;
				IPHONEOS_DEPLOYMENT_TARGET = 10.0;
				LD_RUNPATH_SEARCH_PATHS = "$(inherited) @executable_path/Frameworks";
				PRODUCT_BUNDLE_IDENTIFIER = NAsoftware.Clacuator;
				PRODUCT_NAME = "$(TARGET_NAME)";
				PROVISIONING_PROFILE_SPECIFIER = "";
				SWIFT_VERSION = 4.0;
				TARGETED_DEVICE_FAMILY = "1,2";
			};
			name = Debug;
		};
		3F95824C1F85BA5A00F800C3 /* Release */ = {
			isa = XCBuildConfiguration;
			buildSettings = {
				ASSETCATALOG_COMPILER_APPICON_NAME = AppIcon;
				"CODE_SIGN_IDENTITY[sdk=iphoneos*]" = "iPhone Developer";
				CODE_SIGN_STYLE = Automatic;
				DEVELOPMENT_TEAM = 9VY4KTQAD7;
				INFOPLIST_FILE = Clacuator/Info.plist;
				IPHONEOS_DEPLOYMENT_TARGET = 10.0;
				LD_RUNPATH_SEARCH_PATHS = "$(inherited) @executable_path/Frameworks";
				PRODUCT_BUNDLE_IDENTIFIER = NAsoftware.Clacuator;
				PRODUCT_NAME = "$(TARGET_NAME)";
				PROVISIONING_PROFILE_SPECIFIER = "";
				SWIFT_VERSION = 4.0;
				TARGETED_DEVICE_FAMILY = "1,2";
			};
			name = Release;
		};
/* End XCBuildConfiguration section */

/* Begin XCConfigurationList section */
		3F9582331F85BA5900F800C3 /* Build configuration list for PBXProject "Clacuator" */ = {
			isa = XCConfigurationList;
			buildConfigurations = (
				3F9582481F85BA5A00F800C3 /* Debug */,
				3F9582491F85BA5A00F800C3 /* Release */,
			);
			defaultConfigurationIsVisible = 0;
			defaultConfigurationName = Release;
		};
		3F95824A1F85BA5A00F800C3 /* Build configuration list for PBXNativeTarget "Clacuator" */ = {
			isa = XCConfigurationList;
			buildConfigurations = (
				3F95824B1F85BA5A00F800C3 /* Debug */,
				3F95824C1F85BA5A00F800C3 /* Release */,
			);
			defaultConfigurationIsVisible = 0;
			defaultConfigurationName = Release;
		};
/* End XCConfigurationList section */
	};
	rootObject = 3F9582301F85BA5900F800C3 /* Project object */;
}
